
Microsoft Visual Studio Solution File, Format Version 12.00
# Visual Studio Version 18
VisualStudioVersion = 18.4.11605.240
MinimumVisualStudioVersion = 10.0.40219.1
Project("{2150E333-8FDC-42A3-9474-1A3956D46DE8}") = "Solution Items", "Solution Items", "{38721009-FDB2-46DC-AD33-24C1CD5B847F}"
	ProjectSection(SolutionItems) = preProject
		.editorconfig = .editorconfig
		Directory.Build.props = Directory.Build.props
		Directory.Packages.props = Directory.Packages.props
	EndProjectSection
EndProject
Project("{2150E333-8FDC-42A3-9474-1A3956D46DE8}") = "src", "src", "{DC257ACE-1569-4E43-87DC-3CA0D9E5590A}"
EndProject
Project("{2150E333-8FDC-42A3-9474-1A3956D46DE8}") = "Foundation", "Foundation", "{895F3B73-42FD-4A99-984F-A6E464CE4C24}"
EndProject
Project("{FAE04EC0-301F-11D3-BF4B-00C04F79EFBC}") = "Fast.Shared", "src\Shared\Fast.Shared.csproj", "{5DF80DC9-7627-45DC-B1CB-D3575845C2CB}"
EndProject
Project("{FAE04EC0-301F-11D3-BF4B-00C04F79EFBC}") = "Fast.Core", "src\Core\Fast.Core.csproj", "{A00AA8AC-A786-D454-E3E1-9AC358C2627C}"
EndProject
Project("{2150E333-8FDC-42A3-9474-1A3956D46DE8}") = "Domain", "Domain", "{5ED8A31F-14D4-4A7E-B9AC-0FDCBB8A513B}"
EndProject
Project("{FAE04EC0-301F-11D3-BF4B-00C04F79EFBC}") = "Fast.Center.Domain", "src\Center.Domain\Fast.Center.Domain.csproj", "{56C13CF0-4449-4776-933E-3AF09BD22D82}"
EndProject
Project("{FAE04EC0-301F-11D3-BF4B-00C04F79EFBC}") = "Fast.CenterLog.Domain", "src\CenterLog.Domain\Fast.CenterLog.Domain.csproj", "{62EBE132-B1B2-4D80-80CC-4D3EA69019E7}"
EndProject
Project("{FAE04EC0-301F-11D3-BF4B-00C04F79EFBC}") = "Fast.Deploy.Domain", "src\Deploy.Domain\Fast.Deploy.Domain.csproj", "{83234514-C0E5-454F-8F29-3FC8AB8ED109}"
EndProject
Project("{FAE04EC0-301F-11D3-BF4B-00C04F79EFBC}") = "Fast.Gateway.Domain", "src\Gateway.Domain\Fast.Gateway.Domain.csproj", "{9A24E319-1412-47A9-8973-5F3F8DE74A59}"
EndProject
Project("{FAE04EC0-301F-11D3-BF4B-00C04F79EFBC}") = "Fast.Admin.Domain", "src\Admin.Domain\Fast.Admin.Domain.csproj", "{CA9B31CD-53FA-45D8-A42D-019233A99769}"
EndProject
Project("{FAE04EC0-301F-11D3-BF4B-00C04F79EFBC}") = "Fast.AdminLog.Domain", "src\AdminLog.Domain\Fast.AdminLog.Domain.csproj", "{7F7C17DD-3112-4B89-9234-27095144F2AD}"
EndProject
Project("{FAE04EC0-301F-11D3-BF4B-00C04F79EFBC}") = "Fast.Center.Service", "src\Center.Service\Fast.Center.Service.csproj", "{7AF0BBA8-7074-FAC3-7128-B45D926019EE}"
EndProject
Project("{FAE04EC0-301F-11D3-BF4B-00C04F79EFBC}") = "Fast.Admin.Service", "src\Admin.Service\Fast.Admin.Service.csproj", "{FEAD480D-9999-252F-8CE6-E372906A767A}"
EndProject
Project("{FAE04EC0-301F-11D3-BF4B-00C04F79EFBC}") = "Fast.Scheduler.Service", "src\Scheduler.Service\Fast.Scheduler.Service.csproj", "{51282103-9CBE-716C-64D1-368491F72DAC}"
EndProject
Project("{FAE04EC0-301F-11D3-BF4B-00C04F79EFBC}") = "Fast.Api", "src\Fast.Api\Fast.Api.csproj", "{0E48BC51-AF22-4AC5-8E1D-BF33689EB935}"
EndProject
Project("{FAE04EC0-301F-11D3-BF4B-00C04F79EFBC}") = "Fast.File", "src\Fast.File\Fast.File.csproj", "{742BE35A-09D7-4EE2-8A0C-BD26B7B32669}"
EndProject
Project("{FAE04EC0-301F-11D3-BF4B-00C04F79EFBC}") = "Fast.Scheduler", "src\Fast.Scheduler\Fast.Scheduler.csproj", "{D4D95070-962C-49CB-BAAB-A26943429A78}"
EndProject
Project("{FAE04EC0-301F-11D3-BF4B-00C04F79EFBC}") = "Fast.Walkman.Domain", "src\Walkman.Domain\Fast.Walkman.Domain.csproj", "{33AB8D91-8B14-4A64-9C59-7AC52F08101D}"
EndProject
Project("{FAE04EC0-301F-11D3-BF4B-00C04F79EFBC}") = "Fast.Walkman.Service", "src\Walkman.Service\Fast.Walkman.Service.csproj", "{B63E07A3-5122-4AE9-AAEC-0AADD6DECE47}"
EndProject
Global
	GlobalSection(SolutionConfigurationPlatforms) = preSolution
		Debug|Any CPU = Debug|Any CPU
		Release|Any CPU = Release|Any CPU
	EndGlobalSection
	GlobalSection(ProjectConfigurationPlatforms) = postSolution
		{5DF80DC9-7627-45DC-B1CB-D3575845C2CB}.Debug|Any CPU.ActiveCfg = Debug|Any CPU
		{5DF80DC9-7627-45DC-B1CB-D3575845C2CB}.Debug|Any CPU.Build.0 = Debug|Any CPU
		{5DF80DC9-7627-45DC-B1CB-D3575845C2CB}.Release|Any CPU.ActiveCfg = Release|Any CPU
		{5DF80DC9-7627-45DC-B1CB-D3575845C2CB}.Release|Any CPU.Build.0 = Release|Any CPU
		{A00AA8AC-A786-D454-E3E1-9AC358C2627C}.Debug|Any CPU.ActiveCfg = Debug|Any CPU
		{A00AA8AC-A786-D454-E3E1-9AC358C2627C}.Debug|Any CPU.Build.0 = Debug|Any CPU
		{A00AA8AC-A786-D454-E3E1-9AC358C2627C}.Release|Any CPU.ActiveCfg = Release|Any CPU
		{A00AA8AC-A786-D454-E3E1-9AC358C2627C}.Release|Any CPU.Build.0 = Release|Any CPU
		{56C13CF0-4449-4776-933E-3AF09BD22D82}.Debug|Any CPU.ActiveCfg = Debug|Any CPU
		{56C13CF0-4449-4776-933E-3AF09BD22D82}.Debug|Any CPU.Build.0 = Debug|Any CPU
		{56C13CF0-4449-4776-933E-3AF09BD22D82}.Release|Any CPU.ActiveCfg = Release|Any CPU
		{56C13CF0-4449-4776-933E-3AF09BD22D82}.Release|Any CPU.Build.0 = Release|Any CPU
		{62EBE132-B1B2-4D80-80CC-4D3EA69019E7}.Debug|Any CPU.ActiveCfg = Debug|Any CPU
		{62EBE132-B1B2-4D80-80CC-4D3EA69019E7}.Debug|Any CPU.Build.0 = Debug|Any CPU
		{62EBE132-B1B2-4D80-80CC-4D3EA69019E7}.Release|Any CPU.ActiveCfg = Release|Any CPU
		{62EBE132-B1B2-4D80-80CC-4D3EA69019E7}.Release|Any CPU.Build.0 = Release|Any CPU
		{83234514-C0E5-454F-8F29-3FC8AB8ED109}.Debug|Any CPU.ActiveCfg = Debug|Any CPU
		{83234514-C0E5-454F-8F29-3FC8AB8ED109}.Debug|Any CPU.Build.0 = Debug|Any CPU
		{83234514-C0E5-454F-8F29-3FC8AB8ED109}.Release|Any CPU.ActiveCfg = Release|Any CPU
		{83234514-C0E5-454F-8F29-3FC8AB8ED109}.Release|Any CPU.Build.0 = Release|Any CPU
		{9A24E319-1412-47A9-8973-5F3F8DE74A59}.Debug|Any CPU.ActiveCfg = Debug|Any CPU
		{9A24E319-1412-47A9-8973-5F3F8DE74A59}.Debug|Any CPU.Build.0 = Debug|Any CPU
		{9A24E319-1412-47A9-8973-5F3F8DE74A59}.Release|Any CPU.ActiveCfg = Release|Any CPU
		{9A24E319-1412-47A9-8973-5F3F8DE74A59}.Release|Any CPU.Build.0 = Release|Any CPU
		{CA9B31CD-53FA-45D8-A42D-019233A99769}.Debug|Any CPU.ActiveCfg = Debug|Any CPU
		{CA9B31CD-53FA-45D8-A42D-019233A99769}.Debug|Any CPU.Build.0 = Debug|Any CPU
		{CA9B31CD-53FA-45D8-A42D-019233A99769}.Release|Any CPU.ActiveCfg = Release|Any CPU
		{CA9B31CD-53FA-45D8-A42D-019233A99769}.Release|Any CPU.Build.0 = Release|Any CPU
		{7F7C17DD-3112-4B89-9234-27095144F2AD}.Debug|Any CPU.ActiveCfg = Debug|Any CPU
		{7F7C17DD-3112-4B89-9234-27095144F2AD}.Debug|Any CPU.Build.0 = Debug|Any CPU
		{7F7C17DD-3112-4B89-9234-27095144F2AD}.Release|Any CPU.ActiveCfg = Release|Any CPU
		{7F7C17DD-3112-4B89-9234-27095144F2AD}.Release|Any CPU.Build.0 = Release|Any CPU
		{7AF0BBA8-7074-FAC3-7128-B45D926019EE}.Debug|Any CPU.ActiveCfg = Debug|Any CPU
		{7AF0BBA8-7074-FAC3-7128-B45D926019EE}.Debug|Any CPU.Build.0 = Debug|Any CPU
		{7AF0BBA8-7074-FAC3-7128-B45D926019EE}.Release|Any CPU.ActiveCfg = Release|Any CPU
		{7AF0BBA8-7074-FAC3-7128-B45D926019EE}.Release|Any CPU.Build.0 = Release|Any CPU
		{FEAD480D-9999-252F-8CE6-E372906A767A}.Debug|Any CPU.ActiveCfg = Debug|Any CPU
		{FEAD480D-9999-252F-8CE6-E372906A767A}.Debug|Any CPU.Build.0 = Debug|Any CPU
		{FEAD480D-9999-252F-8CE6-E372906A767A}.Release|Any CPU.ActiveCfg = Release|Any CPU
		{FEAD480D-9999-252F-8CE6-E372906A767A}.Release|Any CPU.Build.0 = Release|Any CPU
		{51282103-9CBE-716C-64D1-368491F72DAC}.Debug|Any CPU.ActiveCfg = Debug|Any CPU
		{51282103-9CBE-716C-64D1-368491F72DAC}.Debug|Any CPU.Build.0 = Debug|Any CPU
		{51282103-9CBE-716C-64D1-368491F72DAC}.Release|Any CPU.ActiveCfg = Release|Any CPU
		{51282103-9CBE-716C-64D1-368491F72DAC}.Release|Any CPU.Build.0 = Release|Any CPU
		{0E48BC51-AF22-4AC5-8E1D-BF33689EB935}.Debug|Any CPU.ActiveCfg = Debug|Any CPU
		{0E48BC51-AF22-4AC5-8E1D-BF33689EB935}.Debug|Any CPU.Build.0 = Debug|Any CPU
		{0E48BC51-AF22-4AC5-8E1D-BF33689EB935}.Release|Any CPU.ActiveCfg = Release|Any CPU
		{0E48BC51-AF22-4AC5-8E1D-BF33689EB935}.Release|Any CPU.Build.0 = Release|Any CPU
		{742BE35A-09D7-4EE2-8A0C-BD26B7B32669}.Debug|Any CPU.ActiveCfg = Debug|Any CPU
		{742BE35A-09D7-4EE2-8A0C-BD26B7B32669}.Debug|Any CPU.Build.0 = Debug|Any CPU
		{742BE35A-09D7-4EE2-8A0C-BD26B7B32669}.Release|Any CPU.ActiveCfg = Release|Any CPU
		{742BE35A-09D7-4EE2-8A0C-BD26B7B32669}.Release|Any CPU.Build.0 = Release|Any CPU
		{D4D95070-962C-49CB-BAAB-A26943429A78}.Debug|Any CPU.ActiveCfg = Debug|Any CPU
		{D4D95070-962C-49CB-BAAB-A26943429A78}.Debug|Any CPU.Build.0 = Debug|Any CPU
		{D4D95070-962C-49CB-BAAB-A26943429A78}.Release|Any CPU.ActiveCfg = Release|Any CPU
		{D4D95070-962C-49CB-BAAB-A26943429A78}.Release|Any CPU.Build.0 = Release|Any CPU
		{33AB8D91-8B14-4A64-9C59-7AC52F08101D}.Debug|Any CPU.ActiveCfg = Debug|Any CPU
		{33AB8D91-8B14-4A64-9C59-7AC52F08101D}.Debug|Any CPU.Build.0 = Debug|Any CPU
		{33AB8D91-8B14-4A64-9C59-7AC52F08101D}.Release|Any CPU.ActiveCfg = Release|Any CPU
		{33AB8D91-8B14-4A64-9C59-7AC52F08101D}.Release|Any CPU.Build.0 = Release|Any CPU
		{B63E07A3-5122-4AE9-AAEC-0AADD6DECE47}.Debug|Any CPU.ActiveCfg = Debug|Any CPU
		{B63E07A3-5122-4AE9-AAEC-0AADD6DECE47}.Debug|Any CPU.Build.0 = Debug|Any CPU
		{B63E07A3-5122-4AE9-AAEC-0AADD6DECE47}.Release|Any CPU.ActiveCfg = Release|Any CPU
		{B63E07A3-5122-4AE9-AAEC-0AADD6DECE47}.Release|Any CPU.Build.0 = Release|Any CPU
	EndGlobalSection
	GlobalSection(SolutionProperties) = preSolution
		HideSolutionNode = FALSE
	EndGlobalSection
	GlobalSection(NestedProjects) = preSolution
		{895F3B73-42FD-4A99-984F-A6E464CE4C24} = {DC257ACE-1569-4E43-87DC-3CA0D9E5590A}
		{5DF80DC9-7627-45DC-B1CB-D3575845C2CB} = {895F3B73-42FD-4A99-984F-A6E464CE4C24}
		{A00AA8AC-A786-D454-E3E1-9AC358C2627C} = {895F3B73-42FD-4A99-984F-A6E464CE4C24}
		{5ED8A31F-14D4-4A7E-B9AC-0FDCBB8A513B} = {DC257ACE-1569-4E43-87DC-3CA0D9E5590A}
		{56C13CF0-4449-4776-933E-3AF09BD22D82} = {5ED8A31F-14D4-4A7E-B9AC-0FDCBB8A513B}
		{62EBE132-B1B2-4D80-80CC-4D3EA69019E7} = {5ED8A31F-14D4-4A7E-B9AC-0FDCBB8A513B}
		{83234514-C0E5-454F-8F29-3FC8AB8ED109} = {5ED8A31F-14D4-4A7E-B9AC-0FDCBB8A513B}
		{9A24E319-1412-47A9-8973-5F3F8DE74A59} = {5ED8A31F-14D4-4A7E-B9AC-0FDCBB8A513B}
		{CA9B31CD-53FA-45D8-A42D-019233A99769} = {5ED8A31F-14D4-4A7E-B9AC-0FDCBB8A513B}
		{7F7C17DD-3112-4B89-9234-27095144F2AD} = {5ED8A31F-14D4-4A7E-B9AC-0FDCBB8A513B}
		{7AF0BBA8-7074-FAC3-7128-B45D926019EE} = {DC257ACE-1569-4E43-87DC-3CA0D9E5590A}
		{FEAD480D-9999-252F-8CE6-E372906A767A} = {DC257ACE-1569-4E43-87DC-3CA0D9E5590A}
		{51282103-9CBE-716C-64D1-368491F72DAC} = {DC257ACE-1569-4E43-87DC-3CA0D9E5590A}
		{33AB8D91-8B14-4A64-9C59-7AC52F08101D} = {5ED8A31F-14D4-4A7E-B9AC-0FDCBB8A513B}
		{B63E07A3-5122-4AE9-AAEC-0AADD6DECE47} = {DC257ACE-1569-4E43-87DC-3CA0D9E5590A}
	EndGlobalSection
	GlobalSection(ExtensibilityGlobals) = postSolution
		SolutionGuid = {2E4261BB-E228-45EE-8B97-B915C19C8A4F}
	EndGlobalSection
EndGlobal
