
Microsoft Visual Studio Solution File, Format Version 12.00
# Visual Studio Version 18
VisualStudioVersion = 18.4.11605.240
MinimumVisualStudioVersion = 10.0.40219.1
Project("{2150E333-8FDC-42A3-9474-1A3956D46DE8}") = "Solution Items", "Solution Items", "{38721009-FDB2-46DC-AD33-24C1CD5B847F}"
	ProjectSection(SolutionItems) = preProject
		.editorconfig = .editorconfig
		Directory.Build.props = Directory.Build.props
	EndProjectSection
EndProject
Project("{2150E333-8FDC-42A3-9474-1A3956D46DE8}") = "src", "src", "{DC257ACE-1569-4E43-87DC-3CA0D9E5590A}"
EndProject
Project("{2150E333-8FDC-42A3-9474-1A3956D46DE8}") = "Shared", "Shared", "{64842CBE-9CC7-4B10-AB08-2327DE1801FA}"
EndProject
Project("{FAE04EC0-301F-11D3-BF4B-00C04F79EFBC}") = "Fast.Shared", "src\Shared\Fast.Shared.csproj", "{5DF80DC9-7627-45DC-B1CB-D3575845C2CB}"
EndProject
Project("{2150E333-8FDC-42A3-9474-1A3956D46DE8}") = "Domain", "Domain", "{5ED8A31F-14D4-4A7E-B9AC-0FDCBB8A513B}"
EndProject
Project("{2150E333-8FDC-42A3-9474-1A3956D46DE8}") = "AdminLog", "AdminLog", "{79909014-B301-495F-B4A3-66AF0CCD5C14}"
EndProject
Project("{FAE04EC0-301F-11D3-BF4B-00C04F79EFBC}") = "Fast.AdminLog.Enum", "src\Domain\AdminLog\Enum\Fast.AdminLog.Enum.csproj", "{C58D6315-DB21-4AF2-DAF3-B91BFDAC440E}"
EndProject
Project("{FAE04EC0-301F-11D3-BF4B-00C04F79EFBC}") = "Fast.AdminLog.Entity", "src\Domain\AdminLog\Entity\Fast.AdminLog.Entity.csproj", "{A80A5709-4FF3-7B2B-629B-3B1654232137}"
EndProject
Project("{2150E333-8FDC-42A3-9474-1A3956D46DE8}") = "Admin", "Admin", "{15FBFCA0-8178-49A4-BECF-8B6E796701B6}"
EndProject
Project("{FAE04EC0-301F-11D3-BF4B-00C04F79EFBC}") = "Fast.Admin.Enum", "src\Domain\Admin\Enum\Fast.Admin.Enum.csproj", "{313618D2-3768-4C46-40BA-73266E952D5D}"
EndProject
Project("{FAE04EC0-301F-11D3-BF4B-00C04F79EFBC}") = "Fast.Admin.Entity", "src\Domain\Admin\Entity\Fast.Admin.Entity.csproj", "{EBDE3DA9-A3C1-9EB1-9B77-574284206A10}"
EndProject
Project("{FAE04EC0-301F-11D3-BF4B-00C04F79EFBC}") = "Fast.Core", "src\Domain\Core\Fast.Core.csproj", "{A00AA8AC-A786-D454-E3E1-9AC358C2627C}"
EndProject
Project("{2150E333-8FDC-42A3-9474-1A3956D46DE8}") = "Services", "Services", "{EFA302C3-6F27-4008-B57A-ABDB630E8277}"
EndProject
Project("{2150E333-8FDC-42A3-9474-1A3956D46DE8}") = "Admin", "Admin", "{DBCA96B5-12F4-4904-87AF-6B0F37F4382F}"
EndProject
Project("{FAE04EC0-301F-11D3-BF4B-00C04F79EFBC}") = "Fast.Admin.Service", "src\Services\Admin\Fast.Admin.Service.csproj", "{FEAD480D-9999-252F-8CE6-E372906A767A}"
EndProject
Project("{FAE04EC0-301F-11D3-BF4B-00C04F79EFBC}") = "Fast.Api", "src\Api\Fast.Api.csproj", "{0E48BC51-AF22-4AC5-8E1D-BF33689EB935}"
EndProject
Project("{2150E333-8FDC-42A3-9474-1A3956D46DE8}") = "File", "File", "{BE4F72A5-2BB3-43DB-ACA6-6552AF3D3F01}"
EndProject
Project("{FAE04EC0-301F-11D3-BF4B-00C04F79EFBC}") = "Fast.File", "src\File\Fast.File.csproj", "{742BE35A-09D7-4EE2-8A0C-BD26B7B32669}"
EndProject
Project("{2150E333-8FDC-42A3-9474-1A3956D46DE8}") = "Scheduler", "Scheduler", "{02EA681E-C7D8-13C7-8484-4AC65E1B71E8}"
EndProject
Project("{FAE04EC0-301F-11D3-BF4B-00C04F79EFBC}") = "Fast.Scheduler.Service", "src\Services\Scheduler\Fast.Scheduler.Service.csproj", "{51282103-9CBE-716C-64D1-368491F72DAC}"
EndProject
Project("{FAE04EC0-301F-11D3-BF4B-00C04F79EFBC}") = "Fast.Scheduler", "src\Scheduler\Fast.Scheduler.csproj", "{D4D95070-962C-49CB-BAAB-A26943429A78}"
EndProject
Global
	GlobalSection(SolutionConfigurationPlatforms) = preSolution
		Debug|Any CPU = Debug|Any CPU
		Release|Any CPU = Release|Any CPU
	EndGlobalSection
	GlobalSection(ProjectConfigurationPlatforms) = postSolution
		{5DF80DC9-7627-45DC-B1CB-D3575845C2CB}.Debug|Any CPU.ActiveCfg = Debug|Any CPU
		{5DF80DC9-7627-45DC-B1CB-D3575845C2CB}.Debug|Any CPU.Build.0 = Debug|Any CPU
		{5DF80DC9-7627-45DC-B1CB-D3575845C2CB}.Release|Any CPU.ActiveCfg = Release|Any CPU
		{5DF80DC9-7627-45DC-B1CB-D3575845C2CB}.Release|Any CPU.Build.0 = Release|Any CPU
		{C58D6315-DB21-4AF2-DAF3-B91BFDAC440E}.Debug|Any CPU.ActiveCfg = Debug|Any CPU
		{C58D6315-DB21-4AF2-DAF3-B91BFDAC440E}.Debug|Any CPU.Build.0 = Debug|Any CPU
		{C58D6315-DB21-4AF2-DAF3-B91BFDAC440E}.Release|Any CPU.ActiveCfg = Release|Any CPU
		{C58D6315-DB21-4AF2-DAF3-B91BFDAC440E}.Release|Any CPU.Build.0 = Release|Any CPU
		{A80A5709-4FF3-7B2B-629B-3B1654232137}.Debug|Any CPU.ActiveCfg = Debug|Any CPU
		{A80A5709-4FF3-7B2B-629B-3B1654232137}.Debug|Any CPU.Build.0 = Debug|Any CPU
		{A80A5709-4FF3-7B2B-629B-3B1654232137}.Release|Any CPU.ActiveCfg = Release|Any CPU
		{A80A5709-4FF3-7B2B-629B-3B1654232137}.Release|Any CPU.Build.0 = Release|Any CPU
		{313618D2-3768-4C46-40BA-73266E952D5D}.Debug|Any CPU.ActiveCfg = Debug|Any CPU
		{313618D2-3768-4C46-40BA-73266E952D5D}.Debug|Any CPU.Build.0 = Debug|Any CPU
		{313618D2-3768-4C46-40BA-73266E952D5D}.Release|Any CPU.ActiveCfg = Release|Any CPU
		{313618D2-3768-4C46-40BA-73266E952D5D}.Release|Any CPU.Build.0 = Release|Any CPU
		{EBDE3DA9-A3C1-9EB1-9B77-574284206A10}.Debug|Any CPU.ActiveCfg = Debug|Any CPU
		{EBDE3DA9-A3C1-9EB1-9B77-574284206A10}.Debug|Any CPU.Build.0 = Debug|Any CPU
		{EBDE3DA9-A3C1-9EB1-9B77-574284206A10}.Release|Any CPU.ActiveCfg = Release|Any CPU
		{EBDE3DA9-A3C1-9EB1-9B77-574284206A10}.Release|Any CPU.Build.0 = Release|Any CPU
		{A00AA8AC-A786-D454-E3E1-9AC358C2627C}.Debug|Any CPU.ActiveCfg = Debug|Any CPU
		{A00AA8AC-A786-D454-E3E1-9AC358C2627C}.Debug|Any CPU.Build.0 = Debug|Any CPU
		{A00AA8AC-A786-D454-E3E1-9AC358C2627C}.Release|Any CPU.ActiveCfg = Release|Any CPU
		{A00AA8AC-A786-D454-E3E1-9AC358C2627C}.Release|Any CPU.Build.0 = Release|Any CPU
		{FEAD480D-9999-252F-8CE6-E372906A767A}.Debug|Any CPU.ActiveCfg = Debug|Any CPU
		{FEAD480D-9999-252F-8CE6-E372906A767A}.Debug|Any CPU.Build.0 = Debug|Any CPU
		{FEAD480D-9999-252F-8CE6-E372906A767A}.Release|Any CPU.ActiveCfg = Release|Any CPU
		{FEAD480D-9999-252F-8CE6-E372906A767A}.Release|Any CPU.Build.0 = Release|Any CPU
		{0E48BC51-AF22-4AC5-8E1D-BF33689EB935}.Debug|Any CPU.ActiveCfg = Debug|Any CPU
		{0E48BC51-AF22-4AC5-8E1D-BF33689EB935}.Debug|Any CPU.Build.0 = Debug|Any CPU
		{0E48BC51-AF22-4AC5-8E1D-BF33689EB935}.Release|Any CPU.ActiveCfg = Release|Any CPU
		{0E48BC51-AF22-4AC5-8E1D-BF33689EB935}.Release|Any CPU.Build.0 = Release|Any CPU
		{742BE35A-09D7-4EE2-8A0C-BD26B7B32669}.Debug|Any CPU.ActiveCfg = Debug|Any CPU
		{742BE35A-09D7-4EE2-8A0C-BD26B7B32669}.Debug|Any CPU.Build.0 = Debug|Any CPU
		{742BE35A-09D7-4EE2-8A0C-BD26B7B32669}.Release|Any CPU.ActiveCfg = Release|Any CPU
		{742BE35A-09D7-4EE2-8A0C-BD26B7B32669}.Release|Any CPU.Build.0 = Release|Any CPU
		{51282103-9CBE-716C-64D1-368491F72DAC}.Debug|Any CPU.ActiveCfg = Debug|Any CPU
		{51282103-9CBE-716C-64D1-368491F72DAC}.Debug|Any CPU.Build.0 = Debug|Any CPU
		{51282103-9CBE-716C-64D1-368491F72DAC}.Release|Any CPU.ActiveCfg = Release|Any CPU
		{51282103-9CBE-716C-64D1-368491F72DAC}.Release|Any CPU.Build.0 = Release|Any CPU
		{D4D95070-962C-49CB-BAAB-A26943429A78}.Debug|Any CPU.ActiveCfg = Debug|Any CPU
		{D4D95070-962C-49CB-BAAB-A26943429A78}.Debug|Any CPU.Build.0 = Debug|Any CPU
		{D4D95070-962C-49CB-BAAB-A26943429A78}.Release|Any CPU.ActiveCfg = Release|Any CPU
		{D4D95070-962C-49CB-BAAB-A26943429A78}.Release|Any CPU.Build.0 = Release|Any CPU
	EndGlobalSection
	GlobalSection(SolutionProperties) = preSolution
		HideSolutionNode = FALSE
	EndGlobalSection
	GlobalSection(NestedProjects) = preSolution
		{64842CBE-9CC7-4B10-AB08-2327DE1801FA} = {DC257ACE-1569-4E43-87DC-3CA0D9E5590A}
		{5DF80DC9-7627-45DC-B1CB-D3575845C2CB} = {64842CBE-9CC7-4B10-AB08-2327DE1801FA}
		{5ED8A31F-14D4-4A7E-B9AC-0FDCBB8A513B} = {DC257ACE-1569-4E43-87DC-3CA0D9E5590A}
		{79909014-B301-495F-B4A3-66AF0CCD5C14} = {5ED8A31F-14D4-4A7E-B9AC-0FDCBB8A513B}
		{C58D6315-DB21-4AF2-DAF3-B91BFDAC440E} = {79909014-B301-495F-B4A3-66AF0CCD5C14}
		{A80A5709-4FF3-7B2B-629B-3B1654232137} = {79909014-B301-495F-B4A3-66AF0CCD5C14}
		{15FBFCA0-8178-49A4-BECF-8B6E796701B6} = {5ED8A31F-14D4-4A7E-B9AC-0FDCBB8A513B}
		{313618D2-3768-4C46-40BA-73266E952D5D} = {15FBFCA0-8178-49A4-BECF-8B6E796701B6}
		{EBDE3DA9-A3C1-9EB1-9B77-574284206A10} = {15FBFCA0-8178-49A4-BECF-8B6E796701B6}
		{A00AA8AC-A786-D454-E3E1-9AC358C2627C} = {5ED8A31F-14D4-4A7E-B9AC-0FDCBB8A513B}
		{EFA302C3-6F27-4008-B57A-ABDB630E8277} = {DC257ACE-1569-4E43-87DC-3CA0D9E5590A}
		{DBCA96B5-12F4-4904-87AF-6B0F37F4382F} = {EFA302C3-6F27-4008-B57A-ABDB630E8277}
		{FEAD480D-9999-252F-8CE6-E372906A767A} = {DBCA96B5-12F4-4904-87AF-6B0F37F4382F}
		{0E48BC51-AF22-4AC5-8E1D-BF33689EB935} = {DC257ACE-1569-4E43-87DC-3CA0D9E5590A}
		{BE4F72A5-2BB3-43DB-ACA6-6552AF3D3F01} = {DC257ACE-1569-4E43-87DC-3CA0D9E5590A}
		{742BE35A-09D7-4EE2-8A0C-BD26B7B32669} = {BE4F72A5-2BB3-43DB-ACA6-6552AF3D3F01}
		{02EA681E-C7D8-13C7-8484-4AC65E1B71E8} = {DC257ACE-1569-4E43-87DC-3CA0D9E5590A}
		{51282103-9CBE-716C-64D1-368491F72DAC} = {02EA681E-C7D8-13C7-8484-4AC65E1B71E8}
		{D4D95070-962C-49CB-BAAB-A26943429A78} = {02EA681E-C7D8-13C7-8484-4AC65E1B71E8}
	EndGlobalSection
	GlobalSection(ExtensibilityGlobals) = postSolution
		SolutionGuid = {2E4261BB-E228-45EE-8B97-B915C19C8A4F}
	EndGlobalSection
EndGlobal
